
Microsoft Visual Studio Solution File, Format Version 12.00
# Visual Studio Version 16
VisualStudioVersion = 16.0.31105.61
MinimumVisualStudioVersion = 10.0.40219.1
Project("{FAE04EC0-301F-11D3-BF4B-00C04F79EFBC}") = "ITP_Project", "ITP_Project\ITP_Project.csproj", "{46D71889-946A-43D9-BE5C-0ED265D16D5D}"
EndProject
Global
	GlobalSection(SolutionConfigurationPlatforms) = preSolution
		Debug|Any CPU = Debug|Any CPU
		Release|Any CPU = Release|Any CPU
	EndGlobalSection
	GlobalSection(ProjectConfigurationPlatforms) = postSolution
		{46D71889-946A-43D9-BE5C-0ED265D16D5D}.Debug|Any CPU.ActiveCfg = Debug|Any CPU
		{46D71889-946A-43D9-BE5C-0ED265D16D5D}.Debug|Any CPU.Build.0 = Debug|Any CPU
		{46D71889-946A-43D9-BE5C-0ED265D16D5D}.Release|Any CPU.ActiveCfg = Release|Any CPU
		{46D71889-946A-43D9-BE5C-0ED265D16D5D}.Release|Any CPU.Build.0 = Release|Any CPU
	EndGlobalSection
	GlobalSection(SolutionProperties) = preSolution
		HideSolutionNode = FALSE
	EndGlobalSection
	GlobalSection(ExtensibilityGlobals) = postSolution
		SolutionGuid = {05941EF6-6C7F-47F5-9C52-3FCFD69566E4}
	EndGlobalSection
EndGlobal
